{
  "name": "dbus-native",
  "version": "0.4.0",
  "lockfileVersion": 1,
  "requires": true,
  "dependencies": {
    "abstract-socket": {
      "version": "2.0.0",
      "optional": true,
      "requires": {
        "bindings": "^1.2.1",
        "nan": "^2.0.9"
      },
      "dependencies": {
        "bindings": {
          "version": "1.4.0",
          "optional": true,
          "requires": {
            "file-uri-to-path": "1.0.0"
          },
          "dependencies": {
            "file-uri-to-path": {
              "version": "1.0.0",
              "optional": true
            }
          }
        },
        "nan": {
          "version": "2.12.1",
          "optional": true
        }
      }
    },
    "event-stream": {
      "version": "4.0.1",
      "requires": {
        "duplexer": "^0.1.1",
        "from": "^0.1.7",
        "map-stream": "0.0.7",
        "pause-stream": "^0.0.11",
        "split": "^1.0.1",
        "stream-combiner": "^0.2.2",
        "through": "^2.3.8"
      },
      "dependencies": {
        "duplexer": {
          "version": "0.1.1"
        },
        "from": {
          "version": "0.1.7"
        },
        "map-stream": {
          "version": "0.0.7"
        },
        "pause-stream": {
          "version": "0.0.11",
          "requires": {
            "through": "~2.3"
          },
          "dependencies": {
            "through": {
              "version": "2.3.8"
            }
          }
        },
        "split": {
          "version": "1.0.1",
          "requires": {
            "through": "2"
          },
          "dependencies": {
            "through": {
              "version": "2.3.8"
            }
          }
        },
        "stream-combiner": {
          "version": "0.2.2",
          "requires": {
            "duplexer": "~0.1.1",
            "through": "~2.3.4"
          },
          "dependencies": {
            "duplexer": {
              "version": "0.1.1"
            },
            "through": {
              "version": "2.3.8"
            }
          }
        },
        "through": {
          "version": "2.3.8"
        }
      }
    },
    "hexy": {
      "version": "0.2.11"
    },
    "long": {
      "version": "4.0.0"
    },
    "optimist": {
      "version": "0.6.1",
      "requires": {
        "minimist": "~0.0.1",
        "wordwrap": "~0.0.2"
      },
      "dependencies": {
        "minimist": {
          "version": "0.0.10"
        },
        "wordwrap": {
          "version": "0.0.3"
        }
      }
    },
    "put": {
      "version": "0.0.6"
    },
    "safe-buffer": {
      "version": "5.1.2"
    },
    "xml2js": {
      "version": "0.4.19",
      "requires": {
        "sax": ">=0.6.0",
        "xmlbuilder": "~9.0.1"
      },
      "dependencies": {
        "sax": {
          "version": "1.2.4"
        },
        "xmlbuilder": {
          "version": "9.0.7"
        }
      }
    }
  }
}
